
Microsoft Visual Studio Solution File, Format Version 12.00
# Visual Studio Version 16
VisualStudioVersion = 16.0.34031.81
MinimumVisualStudioVersion = 10.0.40219.1
Project("{FAE04EC0-301F-11D3-BF4B-00C04F79EFBC}") = "ejercicios_guiados", "ejercicios_guiados\ejercicios_guiados.csproj", "{227B292B-9E2A-44BE-BD8D-DC42B9006B1D}"
EndProject
Project("{54435603-DBB4-11D2-8724-00A0C9A8B90C}") = "tutoriales_guiados", "tutoriales_guiados\tutoriales_guiados.vdproj", "{1D5E491A-7A32-4DFE-BCC9-DCBE4C55FBB5}"
EndProject
Global
	GlobalSection(SolutionConfigurationPlatforms) = preSolution
		Debug|Any CPU = Debug|Any CPU
		Release|Any CPU = Release|Any CPU
	EndGlobalSection
	GlobalSection(ProjectConfigurationPlatforms) = postSolution
		{227B292B-9E2A-44BE-BD8D-DC42B9006B1D}.Debug|Any CPU.ActiveCfg = Debug|Any CPU
		{227B292B-9E2A-44BE-BD8D-DC42B9006B1D}.Debug|Any CPU.Build.0 = Debug|Any CPU
		{227B292B-9E2A-44BE-BD8D-DC42B9006B1D}.Release|Any CPU.ActiveCfg = Release|Any CPU
		{227B292B-9E2A-44BE-BD8D-DC42B9006B1D}.Release|Any CPU.Build.0 = Release|Any CPU
		{1D5E491A-7A32-4DFE-BCC9-DCBE4C55FBB5}.Debug|Any CPU.ActiveCfg = Debug
		{1D5E491A-7A32-4DFE-BCC9-DCBE4C55FBB5}.Release|Any CPU.ActiveCfg = Release
	EndGlobalSection
	GlobalSection(SolutionProperties) = preSolution
		HideSolutionNode = FALSE
	EndGlobalSection
	GlobalSection(ExtensibilityGlobals) = postSolution
		SolutionGuid = {16235AD4-8235-4094-B8EE-ABB7F0362BDE}
	EndGlobalSection
EndGlobal
